
Microsoft Visual Studio Solution File, Format Version 12.00
# Visual Studio Version 16
VisualStudioVersion = 16.0.29215.179
MinimumVisualStudioVersion = 10.0.40219.1
Project("{FAE04EC0-301F-11D3-BF4B-00C04F79EFBC}") = "Lista", "Lista\Lista.csproj", "{515EF3F4-36D4-44F9-B754-3189C3CCF233}"
EndProject
Global
	GlobalSection(SolutionConfigurationPlatforms) = preSolution
		Debug|Any CPU = Debug|Any CPU
		Release|Any CPU = Release|Any CPU
	EndGlobalSection
	GlobalSection(ProjectConfigurationPlatforms) = postSolution
		{515EF3F4-36D4-44F9-B754-3189C3CCF233}.Debug|Any CPU.ActiveCfg = Debug|Any CPU
		{515EF3F4-36D4-44F9-B754-3189C3CCF233}.Debug|Any CPU.Build.0 = Debug|Any CPU
		{515EF3F4-36D4-44F9-B754-3189C3CCF233}.Release|Any CPU.ActiveCfg = Release|Any CPU
		{515EF3F4-36D4-44F9-B754-3189C3CCF233}.Release|Any CPU.Build.0 = Release|Any CPU
	EndGlobalSection
	GlobalSection(SolutionProperties) = preSolution
		HideSolutionNode = FALSE
	EndGlobalSection
	GlobalSection(ExtensibilityGlobals) = postSolution
		SolutionGuid = {937277AE-CCA2-4241-B825-8A5FD4662013}
	EndGlobalSection
EndGlobal
